// !$*UTF8*$!
{
	archiveVersion = 1;
	classes = {
	};
	objectVersion = 46;
	objects = {

/* Begin PBXBuildFile section */
		9D0940801991958000C4ADB0 /* AppDelegate.swift in Sources */ = {isa = PBXBuildFile; fileRef = 9D09407F1991958000C4ADB0 /* AppDelegate.swift */; };
		9D0940821991958000C4ADB0 /* ViewController.swift in Sources */ = {isa = PBXBuildFile; fileRef = 9D0940811991958000C4ADB0 /* ViewController.swift */; };
		9D0940851991958000C4ADB0 /* Main.storyboard in Resources */ = {isa = PBXBuildFile; fileRef = 9D0940831991958000C4ADB0 /* Main.storyboard */; };
		9D0940871991958000C4ADB0 /* Images.xcassets in Resources */ = {isa = PBXBuildFile; fileRef = 9D0940861991958000C4ADB0 /* Images.xcassets */; };
		9D0940931991958000C4ADB0 /* verbenaTests.swift in Sources */ = {isa = PBXBuildFile; fileRef = 9D0940921991958000C4ADB0 /* verbenaTests.swift */; };
		9D09409D199195AB00C4ADB0 /* Verbena.swift in Sources */ = {isa = PBXBuildFile; fileRef = 9D09409C199195AB00C4ADB0 /* Verbena.swift */; };
		9D09409F1991962E00C4ADB0 /* BezierPathExtension.swift in Sources */ = {isa = PBXBuildFile; fileRef = 9D09409E1991962E00C4ADB0 /* BezierPathExtension.swift */; };
/* End PBXBuildFile section */

/* Begin PBXContainerItemProxy section */
		9D09408D1991958000C4ADB0 /* PBXContainerItemProxy */ = {
			isa = PBXContainerItemProxy;
			containerPortal = 9D0940721991958000C4ADB0 /* Project object */;
			proxyType = 1;
			remoteGlobalIDString = 9D0940791991958000C4ADB0;
			remoteInfo = verbena;
		};
/* End PBXContainerItemProxy section */

/* Begin PBXFileReference section */
		9D09407A1991958000C4ADB0 /* verbena.app */ = {isa = PBXFileReference; explicitFileType = wrapper.application; includeInIndex = 0; path = verbena.app; sourceTree = BUILT_PRODUCTS_DIR; };
		9D09407E1991958000C4ADB0 /* Info.plist */ = {isa = PBXFileReference; lastKnownFileType = text.plist.xml; path = Info.plist; sourceTree = "<group>"; };
		9D09407F1991958000C4ADB0 /* AppDelegate.swift */ = {isa = PBXFileReference; lastKnownFileType = sourcecode.swift; path = AppDelegate.swift; sourceTree = "<group>"; };
		9D0940811991958000C4ADB0 /* ViewController.swift */ = {isa = PBXFileReference; lastKnownFileType = sourcecode.swift; path = ViewController.swift; sourceTree = "<group>"; };
		9D0940841991958000C4ADB0 /* Base */ = {isa = PBXFileReference; lastKnownFileType = file.storyboard; name = Base; path = Base.lproj/Main.storyboard; sourceTree = "<group>"; };
		9D0940861991958000C4ADB0 /* Images.xcassets */ = {isa = PBXFileReference; lastKnownFileType = folder.assetcatalog; path = Images.xcassets; sourceTree = "<group>"; };
		9D09408C1991958000C4ADB0 /* verbenaTests.xctest */ = {isa = PBXFileReference; explicitFileType = wrapper.cfbundle; includeInIndex = 0; path = verbenaTests.xctest; sourceTree = BUILT_PRODUCTS_DIR; };
		9D0940911991958000C4ADB0 /* Info.plist */ = {isa = PBXFileReference; lastKnownFileType = text.plist.xml; path = Info.plist; sourceTree = "<group>"; };
		9D0940921991958000C4ADB0 /* verbenaTests.swift */ = {isa = PBXFileReference; lastKnownFileType = sourcecode.swift; path = verbenaTests.swift; sourceTree = "<group>"; };
		9D09409C199195AB00C4ADB0 /* Verbena.swift */ = {isa = PBXFileReference; fileEncoding = 4; lastKnownFileType = sourcecode.swift; path = Verbena.swift; sourceTree = "<group>"; };
		9D09409E1991962E00C4ADB0 /* BezierPathExtension.swift */ = {isa = PBXFileReference; fileEncoding = 4; lastKnownFileType = sourcecode.swift; path = BezierPathExtension.swift; sourceTree = "<group>"; };
/* End PBXFileReference section */

/* Begin PBXFrameworksBuildPhase section */
		9D0940771991958000C4ADB0 /* Frameworks */ = {
			isa = PBXFrameworksBuildPhase;
			buildActionMask = 2147483647;
			files = (
			);
			runOnlyForDeploymentPostprocessing = 0;
		};
		9D0940891991958000C4ADB0 /* Frameworks */ = {
			isa = PBXFrameworksBuildPhase;
			buildActionMask = 2147483647;
			files = (
			);
			runOnlyForDeploymentPostprocessing = 0;
		};
/* End PBXFrameworksBuildPhase section */

/* Begin PBXGroup section */
		9D0940711991958000C4ADB0 = {
			isa = PBXGroup;
			children = (
				9D09407C1991958000C4ADB0 /* verbena */,
				9D09408F1991958000C4ADB0 /* verbenaTests */,
				9D09407B1991958000C4ADB0 /* Products */,
			);
			sourceTree = "<group>";
		};
		9D09407B1991958000C4ADB0 /* Products */ = {
			isa = PBXGroup;
			children = (
				9D09407A1991958000C4ADB0 /* verbena.app */,
				9D09408C1991958000C4ADB0 /* verbenaTests.xctest */,
			);
			name = Products;
			sourceTree = "<group>";
		};
		9D09407C1991958000C4ADB0 /* verbena */ = {
			isa = PBXGroup;
			children = (
				9D09407F1991958000C4ADB0 /* AppDelegate.swift */,
				9D0940811991958000C4ADB0 /* ViewController.swift */,
				9D09409C199195AB00C4ADB0 /* Verbena.swift */,
				9D09409E1991962E00C4ADB0 /* BezierPathExtension.swift */,
				9D0940831991958000C4ADB0 /* Main.storyboard */,
				9D0940861991958000C4ADB0 /* Images.xcassets */,
				9D09407D1991958000C4ADB0 /* Supporting Files */,
			);
			path = verbena;
			sourceTree = "<group>";
		};
		9D09407D1991958000C4ADB0 /* Supporting Files */ = {
			isa = PBXGroup;
			children = (
				9D09407E1991958000C4ADB0 /* Info.plist */,
			);
			name = "Supporting Files";
			sourceTree = "<group>";
		};
		9D09408F1991958000C4ADB0 /* verbenaTests */ = {
			isa = PBXGroup;
			children = (
				9D0940921991958000C4ADB0 /* verbenaTests.swift */,
				9D0940901991958000C4ADB0 /* Supporting Files */,
			);
			path = verbenaTests;
			sourceTree = "<group>";
		};
		9D0940901991958000C4ADB0 /* Supporting Files */ = {
			isa = PBXGroup;
			children = (
				9D0940911991958000C4ADB0 /* Info.plist */,
			);
			name = "Supporting Files";
			sourceTree = "<group>";
		};
/* End PBXGroup section */

/* Begin PBXNativeTarget section */
		9D0940791991958000C4ADB0 /* verbena */ = {
			isa = PBXNativeTarget;
			buildConfigurationList = 9D0940961991958000C4ADB0 /* Build configuration list for PBXNativeTarget "verbena" */;
			buildPhases = (
				9D0940761991958000C4ADB0 /* Sources */,
				9D0940771991958000C4ADB0 /* Frameworks */,
				9D0940781991958000C4ADB0 /* Resources */,
			);
			buildRules = (
			);
			dependencies = (
			);
			name = verbena;
			productName = verbena;
			productReference = 9D09407A1991958000C4ADB0 /* verbena.app */;
			productType = "com.apple.product-type.application";
		};
		9D09408B1991958000C4ADB0 /* verbenaTests */ = {
			isa = PBXNativeTarget;
			buildConfigurationList = 9D0940991991958000C4ADB0 /* Build configuration list for PBXNativeTarget "verbenaTests" */;
			buildPhases = (
				9D0940881991958000C4ADB0 /* Sources */,
				9D0940891991958000C4ADB0 /* Frameworks */,
				9D09408A1991958000C4ADB0 /* Resources */,
			);
			buildRules = (
			);
			dependencies = (
				9D09408E1991958000C4ADB0 /* PBXTargetDependency */,
			);
			name = verbenaTests;
			productName = verbenaTests;
			productReference = 9D09408C1991958000C4ADB0 /* verbenaTests.xctest */;
			productType = "com.apple.product-type.bundle.unit-test";
		};
/* End PBXNativeTarget section */

/* Begin PBXProject section */
		9D0940721991958000C4ADB0 /* Project object */ = {
			isa = PBXProject;
			attributes = {
				LastUpgradeCheck = 0600;
				ORGANIZATIONNAME = "Kaishin & Co";
				TargetAttributes = {
					9D0940791991958000C4ADB0 = {
						CreatedOnToolsVersion = 6.0;
					};
					9D09408B1991958000C4ADB0 = {
						CreatedOnToolsVersion = 6.0;
						TestTargetID = 9D0940791991958000C4ADB0;
					};
				};
			};
			buildConfigurationList = 9D0940751991958000C4ADB0 /* Build configuration list for PBXProject "verbena" */;
			compatibilityVersion = "Xcode 3.2";
			developmentRegion = English;
			hasScannedForEncodings = 0;
			knownRegions = (
				en,
				Base,
			);
			mainGroup = 9D0940711991958000C4ADB0;
			productRefGroup = 9D09407B1991958000C4ADB0 /* Products */;
			projectDirPath = "";
			projectRoot = "";
			targets = (
				9D0940791991958000C4ADB0 /* verbena */,
				9D09408B1991958000C4ADB0 /* verbenaTests */,
			);
		};
/* End PBXProject section */

/* Begin PBXResourcesBuildPhase section */
		9D0940781991958000C4ADB0 /* Resources */ = {
			isa = PBXResourcesBuildPhase;
			buildActionMask = 2147483647;
			files = (
				9D0940851991958000C4ADB0 /* Main.storyboard in Resources */,
				9D0940871991958000C4ADB0 /* Images.xcassets in Resources */,
			);
			runOnlyForDeploymentPostprocessing = 0;
		};
		9D09408A1991958000C4ADB0 /* Resources */ = {
			isa = PBXResourcesBuildPhase;
			buildActionMask = 2147483647;
			files = (
			);
			runOnlyForDeploymentPostprocessing = 0;
		};
/* End PBXResourcesBuildPhase section */

/* Begin PBXSourcesBuildPhase section */
		9D0940761991958000C4ADB0 /* Sources */ = {
			isa = PBXSourcesBuildPhase;
			buildActionMask = 2147483647;
			files = (
				9D0940821991958000C4ADB0 /* ViewController.swift in Sources */,
				9D0940801991958000C4ADB0 /* AppDelegate.swift in Sources */,
				9D09409D199195AB00C4ADB0 /* Verbena.swift in Sources */,
				9D09409F1991962E00C4ADB0 /* BezierPathExtension.swift in Sources */,
			);
			runOnlyForDeploymentPostprocessing = 0;
		};
		9D0940881991958000C4ADB0 /* Sources */ = {
			isa = PBXSourcesBuildPhase;
			buildActionMask = 2147483647;
			files = (
				9D0940931991958000C4ADB0 /* verbenaTests.swift in Sources */,
			);
			runOnlyForDeploymentPostprocessing = 0;
		};
/* End PBXSourcesBuildPhase section */

/* Begin PBXTargetDependency section */
		9D09408E1991958000C4ADB0 /* PBXTargetDependency */ = {
			isa = PBXTargetDependency;
			target = 9D0940791991958000C4ADB0 /* verbena */;
			targetProxy = 9D09408D1991958000C4ADB0 /* PBXContainerItemProxy */;
		};
/* End PBXTargetDependency section */

/* Begin PBXVariantGroup section */
		9D0940831991958000C4ADB0 /* Main.storyboard */ = {
			isa = PBXVariantGroup;
			children = (
				9D0940841991958000C4ADB0 /* Base */,
			);
			name = Main.storyboard;
			sourceTree = "<group>";
		};
/* End PBXVariantGroup section */

/* Begin XCBuildConfiguration section */
		9D0940941991958000C4ADB0 /* Debug */ = {
			isa = XCBuildConfiguration;
			buildSettings = {
				ALWAYS_SEARCH_USER_PATHS = NO;
				CLANG_CXX_LANGUAGE_STANDARD = "gnu++0x";
				CLANG_CXX_LIBRARY = "libc++";
				CLANG_ENABLE_MODULES = YES;
				CLANG_ENABLE_OBJC_ARC = YES;
				CLANG_WARN_BOOL_CONVERSION = YES;
				CLANG_WARN_CONSTANT_CONVERSION = YES;
				CLANG_WARN_DIRECT_OBJC_ISA_USAGE = YES_ERROR;
				CLANG_WARN_EMPTY_BODY = YES;
				CLANG_WARN_ENUM_CONVERSION = YES;
				CLANG_WARN_INT_CONVERSION = YES;
				CLANG_WARN_OBJC_ROOT_CLASS = YES_ERROR;
				CLANG_WARN_UNREACHABLE_CODE = YES;
				CLANG_WARN__DUPLICATE_METHOD_MATCH = YES;
				"CODE_SIGN_IDENTITY[sdk=iphoneos*]" = "iPhone Developer";
				COPY_PHASE_STRIP = NO;
				ENABLE_STRICT_OBJC_MSGSEND = YES;
				GCC_C_LANGUAGE_STANDARD = gnu99;
				GCC_DYNAMIC_NO_PIC = NO;
				GCC_OPTIMIZATION_LEVEL = 0;
				GCC_PREPROCESSOR_DEFINITIONS = (
					"DEBUG=1",
					"$(inherited)",
				);
				GCC_SYMBOLS_PRIVATE_EXTERN = NO;
				GCC_WARN_64_TO_32_BIT_CONVERSION = YES;
				GCC_WARN_ABOUT_RETURN_TYPE = YES_ERROR;
				GCC_WARN_UNDECLARED_SELECTOR = YES;
				GCC_WARN_UNINITIALIZED_AUTOS = YES_AGGRESSIVE;
				GCC_WARN_UNUSED_FUNCTION = YES;
				GCC_WARN_UNUSED_VARIABLE = YES;
				IPHONEOS_DEPLOYMENT_TARGET = 8.0;
				MTL_ENABLE_DEBUG_INFO = YES;
				ONLY_ACTIVE_ARCH = YES;
				SDKROOT = iphoneos;
				SWIFT_OPTIMIZATION_LEVEL = "-Onone";
			};
			name = Debug;
		};
		9D0940951991958000C4ADB0 /* Release */ = {
			isa = XCBuildConfiguration;
			buildSettings = {
				ALWAYS_SEARCH_USER_PATHS = NO;
				CLANG_CXX_LANGUAGE_STANDARD = "gnu++0x";
				CLANG_CXX_LIBRARY = "libc++";
				CLANG_ENABLE_MODULES = YES;
				CLANG_ENABLE_OBJC_ARC = YES;
				CLANG_WARN_BOOL_CONVERSION = YES;
				CLANG_WARN_CONSTANT_CONVERSION = YES;
				CLANG_WARN_DIRECT_OBJC_ISA_USAGE = YES_ERROR;
				CLANG_WARN_EMPTY_BODY = YES;
				CLANG_WARN_ENUM_CONVERSION = YES;
				CLANG_WARN_INT_CONVERSION = YES;
				CLANG_WARN_OBJC_ROOT_CLASS = YES_ERROR;
				CLANG_WARN_UNREACHABLE_CODE = YES;
				CLANG_WARN__DUPLICATE_METHOD_MATCH = YES;
				"CODE_SIGN_IDENTITY[sdk=iphoneos*]" = "iPhone Developer";
				COPY_PHASE_STRIP = YES;
				ENABLE_NS_ASSERTIONS = NO;
				ENABLE_STRICT_OBJC_MSGSEND = YES;
				GCC_C_LANGUAGE_STANDARD = gnu99;
				GCC_WARN_64_TO_32_BIT_CONVERSION = YES;
				GCC_WARN_ABOUT_RETURN_TYPE = YES_ERROR;
				GCC_WARN_UNDECLARED_SELECTOR = YES;
				GCC_WARN_UNINITIALIZED_AUTOS = YES_AGGRESSIVE;
				GCC_WARN_UNUSED_FUNCTION = YES;
				GCC_WARN_UNUSED_VARIABLE = YES;
				IPHONEOS_DEPLOYMENT_TARGET = 8.0;
				MTL_ENABLE_DEBUG_INFO = NO;
				SDKROOT = iphoneos;
				VALIDATE_PRODUCT = YES;
			};
			name = Release;
		};
		9D0940971991958000C4ADB0 /* Debug */ = {
			isa = XCBuildConfiguration;
			buildSettings = {
				ASSETCATALOG_COMPILER_APPICON_NAME = AppIcon;
				ASSETCATALOG_COMPILER_LAUNCHIMAGE_NAME = LaunchImage;
				INFOPLIST_FILE = verbena/Info.plist;
				LD_RUNPATH_SEARCH_PATHS = "$(inherited) @executable_path/Frameworks";
				PRODUCT_NAME = "$(TARGET_NAME)";
			};
			name = Debug;
		};
		9D0940981991958000C4ADB0 /* Release */ = {
			isa = XCBuildConfiguration;
			buildSettings = {
				ASSETCATALOG_COMPILER_APPICON_NAME = AppIcon;
				ASSETCATALOG_COMPILER_LAUNCHIMAGE_NAME = LaunchImage;
				INFOPLIST_FILE = verbena/Info.plist;
				LD_RUNPATH_SEARCH_PATHS = "$(inherited) @executable_path/Frameworks";
				PRODUCT_NAME = "$(TARGET_NAME)";
			};
			name = Release;
		};
		9D09409A1991958000C4ADB0 /* Debug */ = {
			isa = XCBuildConfiguration;
			buildSettings = {
				BUNDLE_LOADER = "$(TEST_HOST)";
				FRAMEWORK_SEARCH_PATHS = (
					"$(SDKROOT)/Developer/Library/Frameworks",
					"$(inherited)",
				);
				GCC_PREPROCESSOR_DEFINITIONS = (
					"DEBUG=1",
					"$(inherited)",
				);
				INFOPLIST_FILE = verbenaTests/Info.plist;
				LD_RUNPATH_SEARCH_PATHS = "$(inherited) @executable_path/Frameworks @loader_path/Frameworks";
				PRODUCT_NAME = "$(TARGET_NAME)";
				TEST_HOST = "$(BUILT_PRODUCTS_DIR)/verbena.app/verbena";
			};
			name = Debug;
		};
		9D09409B1991958000C4ADB0 /* Release */ = {
			isa = XCBuildConfiguration;
			buildSettings = {
				BUNDLE_LOADER = "$(TEST_HOST)";
				FRAMEWORK_SEARCH_PATHS = (
					"$(SDKROOT)/Developer/Library/Frameworks",
					"$(inherited)",
				);
				INFOPLIST_FILE = verbenaTests/Info.plist;
				LD_RUNPATH_SEARCH_PATHS = "$(inherited) @executable_path/Frameworks @loader_path/Frameworks";
				PRODUCT_NAME = "$(TARGET_NAME)";
				TEST_HOST = "$(BUILT_PRODUCTS_DIR)/verbena.app/verbena";
			};
			name = Release;
		};
/* End XCBuildConfiguration section */

/* Begin XCConfigurationList section */
		9D0940751991958000C4ADB0 /* Build configuration list for PBXProject "verbena" */ = {
			isa = XCConfigurationList;
			buildConfigurations = (
				9D0940941991958000C4ADB0 /* Debug */,
				9D0940951991958000C4ADB0 /* Release */,
			);
			defaultConfigurationIsVisible = 0;
			defaultConfigurationName = Release;
		};
		9D0940961991958000C4ADB0 /* Build configuration list for PBXNativeTarget "verbena" */ = {
			isa = XCConfigurationList;
			buildConfigurations = (
				9D0940971991958000C4ADB0 /* Debug */,
				9D0940981991958000C4ADB0 /* Release */,
			);
			defaultConfigurationIsVisible = 0;
		};
		9D0940991991958000C4ADB0 /* Build configuration list for PBXNativeTarget "verbenaTests" */ = {
			isa = XCConfigurationList;
			buildConfigurations = (
				9D09409A1991958000C4ADB0 /* Debug */,
				9D09409B1991958000C4ADB0 /* Release */,
			);
			defaultConfigurationIsVisible = 0;
		};
/* End XCConfigurationList section */
	};
	rootObject = 9D0940721991958000C4ADB0 /* Project object */;
}
